// !$*UTF8*$!
{
	archiveVersion = 1;
	classes = {
	};
	objectVersion = 48;
	objects = {

/* Begin PBXBuildFile section */
		3C7FBB3020265E22001DD4F7 /* AppDelegate.swift in Sources */ = {isa = PBXBuildFile; fileRef = 3C7FBB2F20265E22001DD4F7 /* AppDelegate.swift */; };
		3C7FBB3220265E22001DD4F7 /* HomeController.swift in Sources */ = {isa = PBXBuildFile; fileRef = 3C7FBB3120265E22001DD4F7 /* HomeController.swift */; };
		3C7FBB3520265E22001DD4F7 /* Main.storyboard in Resources */ = {isa = PBXBuildFile; fileRef = 3C7FBB3320265E22001DD4F7 /* Main.storyboard */; };
		3C7FBB3720265E22001DD4F7 /* Assets.xcassets in Resources */ = {isa = PBXBuildFile; fileRef = 3C7FBB3620265E22001DD4F7 /* Assets.xcassets */; };
		3C7FBB3A20265E22001DD4F7 /* LaunchScreen.storyboard in Resources */ = {isa = PBXBuildFile; fileRef = 3C7FBB3820265E22001DD4F7 /* LaunchScreen.storyboard */; };
		3C7FBB4220265FAE001DD4F7 /* Extensions.swift in Sources */ = {isa = PBXBuildFile; fileRef = 3C7FBB4120265FAE001DD4F7 /* Extensions.swift */; };
		3C7FBB4420266099001DD4F7 /* MapController.swift in Sources */ = {isa = PBXBuildFile; fileRef = 3C7FBB4320266099001DD4F7 /* MapController.swift */; };
/* End PBXBuildFile section */

/* Begin PBXFileReference section */
		3C7FBB2C20265E22001DD4F7 /* FuelFinder.app */ = {isa = PBXFileReference; explicitFileType = wrapper.application; includeInIndex = 0; path = FuelFinder.app; sourceTree = BUILT_PRODUCTS_DIR; };
		3C7FBB2F20265E22001DD4F7 /* AppDelegate.swift */ = {isa = PBXFileReference; lastKnownFileType = sourcecode.swift; path = AppDelegate.swift; sourceTree = "<group>"; };
		3C7FBB3120265E22001DD4F7 /* HomeController.swift */ = {isa = PBXFileReference; lastKnownFileType = sourcecode.swift; path = HomeController.swift; sourceTree = "<group>"; };
		3C7FBB3420265E22001DD4F7 /* Base */ = {isa = PBXFileReference; lastKnownFileType = file.storyboard; name = Base; path = Base.lproj/Main.storyboard; sourceTree = "<group>"; };
		3C7FBB3620265E22001DD4F7 /* Assets.xcassets */ = {isa = PBXFileReference; lastKnownFileType = folder.assetcatalog; path = Assets.xcassets; sourceTree = "<group>"; };
		3C7FBB3920265E22001DD4F7 /* Base */ = {isa = PBXFileReference; lastKnownFileType = file.storyboard; name = Base; path = Base.lproj/LaunchScreen.storyboard; sourceTree = "<group>"; };
		3C7FBB3B20265E22001DD4F7 /* Info.plist */ = {isa = PBXFileReference; lastKnownFileType = text.plist.xml; path = Info.plist; sourceTree = "<group>"; };
		3C7FBB4120265FAE001DD4F7 /* Extensions.swift */ = {isa = PBXFileReference; lastKnownFileType = sourcecode.swift; path = Extensions.swift; sourceTree = "<group>"; };
		3C7FBB4320266099001DD4F7 /* MapController.swift */ = {isa = PBXFileReference; lastKnownFileType = sourcecode.swift; path = MapController.swift; sourceTree = "<group>"; };
/* End PBXFileReference section */

/* Begin PBXFrameworksBuildPhase section */
		3C7FBB2920265E22001DD4F7 /* Frameworks */ = {
			isa = PBXFrameworksBuildPhase;
			buildActionMask = 2147483647;
			files = (
			);
			runOnlyForDeploymentPostprocessing = 0;
		};
/* End PBXFrameworksBuildPhase section */

/* Begin PBXGroup section */
		3C7FBB2320265E22001DD4F7 = {
			isa = PBXGroup;
			children = (
				3C7FBB2E20265E22001DD4F7 /* FuelFinder */,
				3C7FBB2D20265E22001DD4F7 /* Products */,
			);
			sourceTree = "<group>";
		};
		3C7FBB2D20265E22001DD4F7 /* Products */ = {
			isa = PBXGroup;
			children = (
				3C7FBB2C20265E22001DD4F7 /* FuelFinder.app */,
			);
			name = Products;
			sourceTree = "<group>";
		};
		3C7FBB2E20265E22001DD4F7 /* FuelFinder */ = {
			isa = PBXGroup;
			children = (
				3C7FBB2F20265E22001DD4F7 /* AppDelegate.swift */,
				3C7FBB3120265E22001DD4F7 /* HomeController.swift */,
				3C7FBB4320266099001DD4F7 /* MapController.swift */,
				3C7FBB3320265E22001DD4F7 /* Main.storyboard */,
				3C7FBB3620265E22001DD4F7 /* Assets.xcassets */,
				3C7FBB3820265E22001DD4F7 /* LaunchScreen.storyboard */,
				3C7FBB3B20265E22001DD4F7 /* Info.plist */,
				3C7FBB4120265FAE001DD4F7 /* Extensions.swift */,
			);
			path = FuelFinder;
			sourceTree = "<group>";
		};
/* End PBXGroup section */

/* Begin PBXNativeTarget section */
		3C7FBB2B20265E22001DD4F7 /* FuelFinder */ = {
			isa = PBXNativeTarget;
			buildConfigurationList = 3C7FBB3E20265E22001DD4F7 /* Build configuration list for PBXNativeTarget "FuelFinder" */;
			buildPhases = (
				3C7FBB2820265E22001DD4F7 /* Sources */,
				3C7FBB2920265E22001DD4F7 /* Frameworks */,
				3C7FBB2A20265E22001DD4F7 /* Resources */,
			);
			buildRules = (
			);
			dependencies = (
			);
			name = FuelFinder;
			productName = FuelFinder;
			productReference = 3C7FBB2C20265E22001DD4F7 /* FuelFinder.app */;
			productType = "com.apple.product-type.application";
		};
/* End PBXNativeTarget section */

/* Begin PBXProject section */
		3C7FBB2420265E22001DD4F7 /* Project object */ = {
			isa = PBXProject;
			attributes = {
				LastSwiftUpdateCheck = 0920;
				LastUpgradeCheck = 0920;
				ORGANIZATIONNAME = "Hyeongjin Um";
				TargetAttributes = {
					3C7FBB2B20265E22001DD4F7 = {
						CreatedOnToolsVersion = 9.2;
						ProvisioningStyle = Automatic;
					};
				};
			};
			buildConfigurationList = 3C7FBB2720265E22001DD4F7 /* Build configuration list for PBXProject "FuelFinder" */;
			compatibilityVersion = "Xcode 8.0";
			developmentRegion = en;
			hasScannedForEncodings = 0;
			knownRegions = (
				en,
				Base,
			);
			mainGroup = 3C7FBB2320265E22001DD4F7;
			productRefGroup = 3C7FBB2D20265E22001DD4F7 /* Products */;
			projectDirPath = "";
			projectRoot = "";
			targets = (
				3C7FBB2B20265E22001DD4F7 /* FuelFinder */,
			);
		};
/* End PBXProject section */

/* Begin PBXResourcesBuildPhase section */
		3C7FBB2A20265E22001DD4F7 /* Resources */ = {
			isa = PBXResourcesBuildPhase;
			buildActionMask = 2147483647;
			files = (
				3C7FBB3A20265E22001DD4F7 /* LaunchScreen.storyboard in Resources */,
				3C7FBB3720265E22001DD4F7 /* Assets.xcassets in Resources */,
				3C7FBB3520265E22001DD4F7 /* Main.storyboard in Resources */,
			);
			runOnlyForDeploymentPostprocessing = 0;
		};
/* End PBXResourcesBuildPhase section */

/* Begin PBXSourcesBuildPhase section */
		3C7FBB2820265E22001DD4F7 /* Sources */ = {
			isa = PBXSourcesBuildPhase;
			buildActionMask = 2147483647;
			files = (
				3C7FBB4420266099001DD4F7 /* MapController.swift in Sources */,
				3C7FBB3220265E22001DD4F7 /* HomeController.swift in Sources */,
				3C7FBB4220265FAE001DD4F7 /* Extensions.swift in Sources */,
				3C7FBB3020265E22001DD4F7 /* AppDelegate.swift in Sources */,
			);
			runOnlyForDeploymentPostprocessing = 0;
		};
/* End PBXSourcesBuildPhase section */

/* Begin PBXVariantGroup section */
		3C7FBB3320265E22001DD4F7 /* Main.storyboard */ = {
			isa = PBXVariantGroup;
			children = (
				3C7FBB3420265E22001DD4F7 /* Base */,
			);
			name = Main.storyboard;
			sourceTree = "<group>";
		};
		3C7FBB3820265E22001DD4F7 /* LaunchScreen.storyboard */ = {
			isa = PBXVariantGroup;
			children = (
				3C7FBB3920265E22001DD4F7 /* Base */,
			);
			name = LaunchScreen.storyboard;
			sourceTree = "<group>";
		};
/* End PBXVariantGroup section */

/* Begin XCBuildConfiguration section */
		3C7FBB3C20265E22001DD4F7 /* Debug */ = {
			isa = XCBuildConfiguration;
			buildSettings = {
				ALWAYS_SEARCH_USER_PATHS = NO;
				CLANG_ANALYZER_NONNULL = YES;
				CLANG_ANALYZER_NUMBER_OBJECT_CONVERSION = YES_AGGRESSIVE;
				CLANG_CXX_LANGUAGE_STANDARD = "gnu++14";
				CLANG_CXX_LIBRARY = "libc++";
				CLANG_ENABLE_MODULES = YES;
				CLANG_ENABLE_OBJC_ARC = YES;
				CLANG_WARN_BLOCK_CAPTURE_AUTORELEASING = YES;
				CLANG_WARN_BOOL_CONVERSION = YES;
				CLANG_WARN_COMMA = YES;
				CLANG_WARN_CONSTANT_CONVERSION = YES;
				CLANG_WARN_DIRECT_OBJC_ISA_USAGE = YES_ERROR;
				CLANG_WARN_DOCUMENTATION_COMMENTS = YES;
				CLANG_WARN_EMPTY_BODY = YES;
				CLANG_WARN_ENUM_CONVERSION = YES;
				CLANG_WARN_INFINITE_RECURSION = YES;
				CLANG_WARN_INT_CONVERSION = YES;
				CLANG_WARN_NON_LITERAL_NULL_CONVERSION = YES;
				CLANG_WARN_OBJC_LITERAL_CONVERSION = YES;
				CLANG_WARN_OBJC_ROOT_CLASS = YES_ERROR;
				CLANG_WARN_RANGE_LOOP_ANALYSIS = YES;
				CLANG_WARN_STRICT_PROTOTYPES = YES;
				CLANG_WARN_SUSPICIOUS_MOVE = YES;
				CLANG_WARN_UNGUARDED_AVAILABILITY = YES_AGGRESSIVE;
				CLANG_WARN_UNREACHABLE_CODE = YES;
				CLANG_WARN__DUPLICATE_METHOD_MATCH = YES;
				CODE_SIGN_IDENTITY = "iPhone Developer";
				COPY_PHASE_STRIP = NO;
				DEBUG_INFORMATION_FORMAT = dwarf;
				ENABLE_STRICT_OBJC_MSGSEND = YES;
				ENABLE_TESTABILITY = YES;
				GCC_C_LANGUAGE_STANDARD = gnu11;
				GCC_DYNAMIC_NO_PIC = NO;
				GCC_NO_COMMON_BLOCKS = YES;
				GCC_OPTIMIZATION_LEVEL = 0;
				GCC_PREPROCESSOR_DEFINITIONS = (
					"DEBUG=1",
					"$(inherited)",
				);
				GCC_WARN_64_TO_32_BIT_CONVERSION = YES;
				GCC_WARN_ABOUT_RETURN_TYPE = YES_ERROR;
				GCC_WARN_UNDECLARED_SELECTOR = YES;
				GCC_WARN_UNINITIALIZED_AUTOS = YES_AGGRESSIVE;
				GCC_WARN_UNUSED_FUNCTION = YES;
				GCC_WARN_UNUSED_VARIABLE = YES;
				IPHONEOS_DEPLOYMENT_TARGET = 11.2;
				MTL_ENABLE_DEBUG_INFO = YES;
				ONLY_ACTIVE_ARCH = YES;
				SDKROOT = iphoneos;
				SWIFT_ACTIVE_COMPILATION_CONDITIONS = DEBUG;
				SWIFT_OPTIMIZATION_LEVEL = "-Onone";
			};
			name = Debug;
		};
		3C7FBB3D20265E22001DD4F7 /* Release */ = {
			isa = XCBuildConfiguration;
			buildSettings = {
				ALWAYS_SEARCH_USER_PATHS = NO;
				CLANG_ANALYZER_NONNULL = YES;
				CLANG_ANALYZER_NUMBER_OBJECT_CONVERSION = YES_AGGRESSIVE;
				CLANG_CXX_LANGUAGE_STANDARD = "gnu++14";
				CLANG_CXX_LIBRARY = "libc++";
				CLANG_ENABLE_MODULES = YES;
				CLANG_ENABLE_OBJC_ARC = YES;
				CLANG_WARN_BLOCK_CAPTURE_AUTORELEASING = YES;
				CLANG_WARN_BOOL_CONVERSION = YES;
				CLANG_WARN_COMMA = YES;
				CLANG_WARN_CONSTANT_CONVERSION = YES;
				CLANG_WARN_DIRECT_OBJC_ISA_USAGE = YES_ERROR;
				CLANG_WARN_DOCUMENTATION_COMMENTS = YES;
				CLANG_WARN_EMPTY_BODY = YES;
				CLANG_WARN_ENUM_CONVERSION = YES;
				CLANG_WARN_INFINITE_RECURSION = YES;
				CLANG_WARN_INT_CONVERSION = YES;
				CLANG_WARN_NON_LITERAL_NULL_CONVERSION = YES;
				CLANG_WARN_OBJC_LITERAL_CONVERSION = YES;
				CLANG_WARN_OBJC_ROOT_CLASS = YES_ERROR;
				CLANG_WARN_RANGE_LOOP_ANALYSIS = YES;
				CLANG_WARN_STRICT_PROTOTYPES = YES;
				CLANG_WARN_SUSPICIOUS_MOVE = YES;
				CLANG_WARN_UNGUARDED_AVAILABILITY = YES_AGGRESSIVE;
				CLANG_WARN_UNREACHABLE_CODE = YES;
				CLANG_WARN__DUPLICATE_METHOD_MATCH = YES;
				CODE_SIGN_IDENTITY = "iPhone Developer";
				COPY_PHASE_STRIP = NO;
				DEBUG_INFORMATION_FORMAT = "dwarf-with-dsym";
				ENABLE_NS_ASSERTIONS = NO;
				ENABLE_STRICT_OBJC_MSGSEND = YES;
				GCC_C_LANGUAGE_STANDARD = gnu11;
				GCC_NO_COMMON_BLOCKS = YES;
				GCC_WARN_64_TO_32_BIT_CONVERSION = YES;
				GCC_WARN_ABOUT_RETURN_TYPE = YES_ERROR;
				GCC_WARN_UNDECLARED_SELECTOR = YES;
				GCC_WARN_UNINITIALIZED_AUTOS = YES_AGGRESSIVE;
				GCC_WARN_UNUSED_FUNCTION = YES;
				GCC_WARN_UNUSED_VARIABLE = YES;
				IPHONEOS_DEPLOYMENT_TARGET = 11.2;
				MTL_ENABLE_DEBUG_INFO = NO;
				SDKROOT = iphoneos;
				SWIFT_OPTIMIZATION_LEVEL = "-Owholemodule";
				VALIDATE_PRODUCT = YES;
			};
			name = Release;
		};
		3C7FBB3F20265E22001DD4F7 /* Debug */ = {
			isa = XCBuildConfiguration;
			buildSettings = {
				ASSETCATALOG_COMPILER_APPICON_NAME = AppIcon;
				CODE_SIGN_STYLE = Automatic;
				DEVELOPMENT_TEAM = VE72S7JG28;
				INFOPLIST_FILE = FuelFinder/Info.plist;
				LD_RUNPATH_SEARCH_PATHS = "$(inherited) @executable_path/Frameworks";
				PRODUCT_BUNDLE_IDENTIFIER = com.Hyeongjin.FuelFinder;
				PRODUCT_NAME = "$(TARGET_NAME)";
				SWIFT_VERSION = 4.0;
				TARGETED_DEVICE_FAMILY = "1,2";
			};
			name = Debug;
		};
		3C7FBB4020265E22001DD4F7 /* Release */ = {
			isa = XCBuildConfiguration;
			buildSettings = {
				ASSETCATALOG_COMPILER_APPICON_NAME = AppIcon;
				CODE_SIGN_STYLE = Automatic;
				DEVELOPMENT_TEAM = VE72S7JG28;
				INFOPLIST_FILE = FuelFinder/Info.plist;
				LD_RUNPATH_SEARCH_PATHS = "$(inherited) @executable_path/Frameworks";
				PRODUCT_BUNDLE_IDENTIFIER = com.Hyeongjin.FuelFinder;
				PRODUCT_NAME = "$(TARGET_NAME)";
				SWIFT_VERSION = 4.0;
				TARGETED_DEVICE_FAMILY = "1,2";
			};
			name = Release;
		};
/* End XCBuildConfiguration section */

/* Begin XCConfigurationList section */
		3C7FBB2720265E22001DD4F7 /* Build configuration list for PBXProject "FuelFinder" */ = {
			isa = XCConfigurationList;
			buildConfigurations = (
				3C7FBB3C20265E22001DD4F7 /* Debug */,
				3C7FBB3D20265E22001DD4F7 /* Release */,
			);
			defaultConfigurationIsVisible = 0;
			defaultConfigurationName = Release;
		};
		3C7FBB3E20265E22001DD4F7 /* Build configuration list for PBXNativeTarget "FuelFinder" */ = {
			isa = XCConfigurationList;
			buildConfigurations = (
				3C7FBB3F20265E22001DD4F7 /* Debug */,
				3C7FBB4020265E22001DD4F7 /* Release */,
			);
			defaultConfigurationIsVisible = 0;
			defaultConfigurationName = Release;
		};
/* End XCConfigurationList section */
	};
	rootObject = 3C7FBB2420265E22001DD4F7 /* Project object */;
}
