PODS:
  - DropDown (2.3.1)
  - TomTomOnlineSDKMaps (2.0.3):
    - TomTomOnlineUtils (= 2.0.3)
  - TomTomOnlineSDKRouting (2.0.3):
    - TomTomOnlineUtils (= 2.0.3)
  - TomTomOnlineUtils (2.0.3)

DEPENDENCIES:
  - DropDown
  - TomTomOnlineSDKMaps
  - TomTomOnlineSDKRouting

SPEC CHECKSUMS:
  DropDown: 20499c7b2731b0d21609af924e47c7677a2be50d
  TomTomOnlineSDKMaps: 692f967f5e9ea2243e8f8eb969c9917148469b91
  TomTomOnlineSDKRouting: 6cf7be2b79a1f342ec05d86d98a5ab806b3f0200
  TomTomOnlineUtils: 188d276af08ca071806379d5d28858d54560d55f

PODFILE CHECKSUM: d88ccc06879d1d13ee1c4e697c4be4309c261240

COCOAPODS: 1.2.0
